// !$*UTF8*$!
{
	archiveVersion = 1;
	classes = {
	};
	objectVersion = 46;
	objects = {

/* Begin PBXBuildFile section */
		107B88021D02A14700524449 /* QuestionsModel.swift in Sources */ = {isa = PBXBuildFile; fileRef = 107B88011D02A14700524449 /* QuestionsModel.swift */; };
		107B88111D03EE5800524449 /* lose.wav in Resources */ = {isa = PBXBuildFile; fileRef = 107B880D1D03EE5800524449 /* lose.wav */; };
		107B88121D03EE5800524449 /* right.wav in Resources */ = {isa = PBXBuildFile; fileRef = 107B880E1D03EE5800524449 /* right.wav */; };
		107B88131D03EE5800524449 /* win.wav in Resources */ = {isa = PBXBuildFile; fileRef = 107B880F1D03EE5800524449 /* win.wav */; };
		107B88141D03EE5800524449 /* wrong.wav in Resources */ = {isa = PBXBuildFile; fileRef = 107B88101D03EE5800524449 /* wrong.wav */; };
		10EBF0881D02961C00888CD3 /* AppDelegate.swift in Sources */ = {isa = PBXBuildFile; fileRef = 10EBF0871D02961C00888CD3 /* AppDelegate.swift */; };
		10EBF08A1D02961C00888CD3 /* ViewController.swift in Sources */ = {isa = PBXBuildFile; fileRef = 10EBF0891D02961C00888CD3 /* ViewController.swift */; };
		10EBF08D1D02961C00888CD3 /* Main.storyboard in Resources */ = {isa = PBXBuildFile; fileRef = 10EBF08B1D02961C00888CD3 /* Main.storyboard */; };
		10EBF08F1D02961C00888CD3 /* Assets.xcassets in Resources */ = {isa = PBXBuildFile; fileRef = 10EBF08E1D02961C00888CD3 /* Assets.xcassets */; };
		10EBF0921D02961C00888CD3 /* LaunchScreen.storyboard in Resources */ = {isa = PBXBuildFile; fileRef = 10EBF0901D02961C00888CD3 /* LaunchScreen.storyboard */; };
/* End PBXBuildFile section */

/* Begin PBXFileReference section */
		107B88011D02A14700524449 /* QuestionsModel.swift */ = {isa = PBXFileReference; fileEncoding = 4; lastKnownFileType = sourcecode.swift; path = QuestionsModel.swift; sourceTree = "<group>"; };
		107B880D1D03EE5800524449 /* lose.wav */ = {isa = PBXFileReference; lastKnownFileType = audio.wav; path = lose.wav; sourceTree = "<group>"; };
		107B880E1D03EE5800524449 /* right.wav */ = {isa = PBXFileReference; lastKnownFileType = audio.wav; path = right.wav; sourceTree = "<group>"; };
		107B880F1D03EE5800524449 /* win.wav */ = {isa = PBXFileReference; lastKnownFileType = audio.wav; path = win.wav; sourceTree = "<group>"; };
		107B88101D03EE5800524449 /* wrong.wav */ = {isa = PBXFileReference; lastKnownFileType = audio.wav; path = wrong.wav; sourceTree = "<group>"; };
		10EBF0841D02961C00888CD3 /* QuizApp.app */ = {isa = PBXFileReference; explicitFileType = wrapper.application; includeInIndex = 0; path = QuizApp.app; sourceTree = BUILT_PRODUCTS_DIR; };
		10EBF0871D02961C00888CD3 /* AppDelegate.swift */ = {isa = PBXFileReference; lastKnownFileType = sourcecode.swift; path = AppDelegate.swift; sourceTree = "<group>"; };
		10EBF0891D02961C00888CD3 /* ViewController.swift */ = {isa = PBXFileReference; lastKnownFileType = sourcecode.swift; path = ViewController.swift; sourceTree = "<group>"; };
		10EBF08C1D02961C00888CD3 /* Base */ = {isa = PBXFileReference; lastKnownFileType = file.storyboard; name = Base; path = Base.lproj/Main.storyboard; sourceTree = "<group>"; };
		10EBF08E1D02961C00888CD3 /* Assets.xcassets */ = {isa = PBXFileReference; lastKnownFileType = folder.assetcatalog; path = Assets.xcassets; sourceTree = "<group>"; };
		10EBF0911D02961C00888CD3 /* Base */ = {isa = PBXFileReference; lastKnownFileType = file.storyboard; name = Base; path = Base.lproj/LaunchScreen.storyboard; sourceTree = "<group>"; };
		10EBF0931D02961C00888CD3 /* Info.plist */ = {isa = PBXFileReference; lastKnownFileType = text.plist.xml; path = Info.plist; sourceTree = "<group>"; };
/* End PBXFileReference section */

/* Begin PBXFrameworksBuildPhase section */
		10EBF0811D02961C00888CD3 /* Frameworks */ = {
			isa = PBXFrameworksBuildPhase;
			buildActionMask = 2147483647;
			files = (
			);
			runOnlyForDeploymentPostprocessing = 0;
		};
/* End PBXFrameworksBuildPhase section */

/* Begin PBXGroup section */
		10EBF07B1D02961C00888CD3 = {
			isa = PBXGroup;
			children = (
				10EBF0861D02961C00888CD3 /* QuizApp */,
				10EBF0851D02961C00888CD3 /* Products */,
			);
			sourceTree = "<group>";
		};
		10EBF0851D02961C00888CD3 /* Products */ = {
			isa = PBXGroup;
			children = (
				10EBF0841D02961C00888CD3 /* QuizApp.app */,
			);
			name = Products;
			sourceTree = "<group>";
		};
		10EBF0861D02961C00888CD3 /* QuizApp */ = {
			isa = PBXGroup;
			children = (
				10EBF0871D02961C00888CD3 /* AppDelegate.swift */,
				10EBF0891D02961C00888CD3 /* ViewController.swift */,
				10EBF08B1D02961C00888CD3 /* Main.storyboard */,
				107B88011D02A14700524449 /* QuestionsModel.swift */,
				10EBF08E1D02961C00888CD3 /* Assets.xcassets */,
				10EBF0901D02961C00888CD3 /* LaunchScreen.storyboard */,
				10EBF0931D02961C00888CD3 /* Info.plist */,
				107B880D1D03EE5800524449 /* lose.wav */,
				107B880E1D03EE5800524449 /* right.wav */,
				107B880F1D03EE5800524449 /* win.wav */,
				107B88101D03EE5800524449 /* wrong.wav */,
			);
			path = QuizApp;
			sourceTree = "<group>";
		};
/* End PBXGroup section */

/* Begin PBXNativeTarget section */
		10EBF0831D02961C00888CD3 /* QuizApp */ = {
			isa = PBXNativeTarget;
			buildConfigurationList = 10EBF0961D02961C00888CD3 /* Build configuration list for PBXNativeTarget "QuizApp" */;
			buildPhases = (
				10EBF0801D02961C00888CD3 /* Sources */,
				10EBF0811D02961C00888CD3 /* Frameworks */,
				10EBF0821D02961C00888CD3 /* Resources */,
			);
			buildRules = (
			);
			dependencies = (
			);
			name = QuizApp;
			productName = QuizApp;
			productReference = 10EBF0841D02961C00888CD3 /* QuizApp.app */;
			productType = "com.apple.product-type.application";
		};
/* End PBXNativeTarget section */

/* Begin PBXProject section */
		10EBF07C1D02961C00888CD3 /* Project object */ = {
			isa = PBXProject;
			attributes = {
				LastSwiftUpdateCheck = 0730;
				LastUpgradeCheck = 0730;
				ORGANIZATIONNAME = XuanWang;
				TargetAttributes = {
					10EBF0831D02961C00888CD3 = {
						CreatedOnToolsVersion = 7.3.1;
						DevelopmentTeam = 73GVPXABC8;
					};
				};
			};
			buildConfigurationList = 10EBF07F1D02961C00888CD3 /* Build configuration list for PBXProject "QuizApp" */;
			compatibilityVersion = "Xcode 3.2";
			developmentRegion = English;
			hasScannedForEncodings = 0;
			knownRegions = (
				en,
				Base,
			);
			mainGroup = 10EBF07B1D02961C00888CD3;
			productRefGroup = 10EBF0851D02961C00888CD3 /* Products */;
			projectDirPath = "";
			projectRoot = "";
			targets = (
				10EBF0831D02961C00888CD3 /* QuizApp */,
			);
		};
/* End PBXProject section */

/* Begin PBXResourcesBuildPhase section */
		10EBF0821D02961C00888CD3 /* Resources */ = {
			isa = PBXResourcesBuildPhase;
			buildActionMask = 2147483647;
			files = (
				10EBF0921D02961C00888CD3 /* LaunchScreen.storyboard in Resources */,
				107B88121D03EE5800524449 /* right.wav in Resources */,
				10EBF08F1D02961C00888CD3 /* Assets.xcassets in Resources */,
				107B88141D03EE5800524449 /* wrong.wav in Resources */,
				107B88131D03EE5800524449 /* win.wav in Resources */,
				10EBF08D1D02961C00888CD3 /* Main.storyboard in Resources */,
				107B88111D03EE5800524449 /* lose.wav in Resources */,
			);
			runOnlyForDeploymentPostprocessing = 0;
		};
/* End PBXResourcesBuildPhase section */

/* Begin PBXSourcesBuildPhase section */
		10EBF0801D02961C00888CD3 /* Sources */ = {
			isa = PBXSourcesBuildPhase;
			buildActionMask = 2147483647;
			files = (
				107B88021D02A14700524449 /* QuestionsModel.swift in Sources */,
				10EBF08A1D02961C00888CD3 /* ViewController.swift in Sources */,
				10EBF0881D02961C00888CD3 /* AppDelegate.swift in Sources */,
			);
			runOnlyForDeploymentPostprocessing = 0;
		};
/* End PBXSourcesBuildPhase section */

/* Begin PBXVariantGroup section */
		10EBF08B1D02961C00888CD3 /* Main.storyboard */ = {
			isa = PBXVariantGroup;
			children = (
				10EBF08C1D02961C00888CD3 /* Base */,
			);
			name = Main.storyboard;
			sourceTree = "<group>";
		};
		10EBF0901D02961C00888CD3 /* LaunchScreen.storyboard */ = {
			isa = PBXVariantGroup;
			children = (
				10EBF0911D02961C00888CD3 /* Base */,
			);
			name = LaunchScreen.storyboard;
			sourceTree = "<group>";
		};
/* End PBXVariantGroup section */

/* Begin XCBuildConfiguration section */
		10EBF0941D02961C00888CD3 /* Debug */ = {
			isa = XCBuildConfiguration;
			buildSettings = {
				ALWAYS_SEARCH_USER_PATHS = NO;
				CLANG_ANALYZER_NONNULL = YES;
				CLANG_CXX_LANGUAGE_STANDARD = "gnu++0x";
				CLANG_CXX_LIBRARY = "libc++";
				CLANG_ENABLE_MODULES = YES;
				CLANG_ENABLE_OBJC_ARC = YES;
				CLANG_WARN_BOOL_CONVERSION = YES;
				CLANG_WARN_CONSTANT_CONVERSION = YES;
				CLANG_WARN_DIRECT_OBJC_ISA_USAGE = YES_ERROR;
				CLANG_WARN_EMPTY_BODY = YES;
				CLANG_WARN_ENUM_CONVERSION = YES;
				CLANG_WARN_INT_CONVERSION = YES;
				CLANG_WARN_OBJC_ROOT_CLASS = YES_ERROR;
				CLANG_WARN_UNREACHABLE_CODE = YES;
				CLANG_WARN__DUPLICATE_METHOD_MATCH = YES;
				"CODE_SIGN_IDENTITY[sdk=iphoneos*]" = "iPhone Developer";
				COPY_PHASE_STRIP = NO;
				DEBUG_INFORMATION_FORMAT = dwarf;
				ENABLE_STRICT_OBJC_MSGSEND = YES;
				ENABLE_TESTABILITY = YES;
				GCC_C_LANGUAGE_STANDARD = gnu99;
				GCC_DYNAMIC_NO_PIC = NO;
				GCC_NO_COMMON_BLOCKS = YES;
				GCC_OPTIMIZATION_LEVEL = 0;
				GCC_PREPROCESSOR_DEFINITIONS = (
					"DEBUG=1",
					"$(inherited)",
				);
				GCC_WARN_64_TO_32_BIT_CONVERSION = YES;
				GCC_WARN_ABOUT_RETURN_TYPE = YES_ERROR;
				GCC_WARN_UNDECLARED_SELECTOR = YES;
				GCC_WARN_UNINITIALIZED_AUTOS = YES_AGGRESSIVE;
				GCC_WARN_UNUSED_FUNCTION = YES;
				GCC_WARN_UNUSED_VARIABLE = YES;
				IPHONEOS_DEPLOYMENT_TARGET = 9.3;
				MTL_ENABLE_DEBUG_INFO = YES;
				ONLY_ACTIVE_ARCH = YES;
				SDKROOT = iphoneos;
				SWIFT_OPTIMIZATION_LEVEL = "-Onone";
			};
			name = Debug;
		};
		10EBF0951D02961C00888CD3 /* Release */ = {
			isa = XCBuildConfiguration;
			buildSettings = {
				ALWAYS_SEARCH_USER_PATHS = NO;
				CLANG_ANALYZER_NONNULL = YES;
				CLANG_CXX_LANGUAGE_STANDARD = "gnu++0x";
				CLANG_CXX_LIBRARY = "libc++";
				CLANG_ENABLE_MODULES = YES;
				CLANG_ENABLE_OBJC_ARC = YES;
				CLANG_WARN_BOOL_CONVERSION = YES;
				CLANG_WARN_CONSTANT_CONVERSION = YES;
				CLANG_WARN_DIRECT_OBJC_ISA_USAGE = YES_ERROR;
				CLANG_WARN_EMPTY_BODY = YES;
				CLANG_WARN_ENUM_CONVERSION = YES;
				CLANG_WARN_INT_CONVERSION = YES;
				CLANG_WARN_OBJC_ROOT_CLASS = YES_ERROR;
				CLANG_WARN_UNREACHABLE_CODE = YES;
				CLANG_WARN__DUPLICATE_METHOD_MATCH = YES;
				"CODE_SIGN_IDENTITY[sdk=iphoneos*]" = "iPhone Developer";
				COPY_PHASE_STRIP = NO;
				DEBUG_INFORMATION_FORMAT = "dwarf-with-dsym";
				ENABLE_NS_ASSERTIONS = NO;
				ENABLE_STRICT_OBJC_MSGSEND = YES;
				GCC_C_LANGUAGE_STANDARD = gnu99;
				GCC_NO_COMMON_BLOCKS = YES;
				GCC_WARN_64_TO_32_BIT_CONVERSION = YES;
				GCC_WARN_ABOUT_RETURN_TYPE = YES_ERROR;
				GCC_WARN_UNDECLARED_SELECTOR = YES;
				GCC_WARN_UNINITIALIZED_AUTOS = YES_AGGRESSIVE;
				GCC_WARN_UNUSED_FUNCTION = YES;
				GCC_WARN_UNUSED_VARIABLE = YES;
				IPHONEOS_DEPLOYMENT_TARGET = 9.3;
				MTL_ENABLE_DEBUG_INFO = NO;
				SDKROOT = iphoneos;
				VALIDATE_PRODUCT = YES;
			};
			name = Release;
		};
		10EBF0971D02961C00888CD3 /* Debug */ = {
			isa = XCBuildConfiguration;
			buildSettings = {
				ASSETCATALOG_COMPILER_APPICON_NAME = AppIcon;
				CODE_SIGN_IDENTITY = "iPhone Developer";
				"CODE_SIGN_IDENTITY[sdk=iphoneos*]" = "iPhone Developer";
				INFOPLIST_FILE = QuizApp/Info.plist;
				LD_RUNPATH_SEARCH_PATHS = "$(inherited) @executable_path/Frameworks";
				PRODUCT_BUNDLE_IDENTIFIER = "com.xuan-wang.QuizApp";
				PRODUCT_NAME = "$(TARGET_NAME)";
				PROVISIONING_PROFILE = "";
			};
			name = Debug;
		};
		10EBF0981D02961C00888CD3 /* Release */ = {
			isa = XCBuildConfiguration;
			buildSettings = {
				ASSETCATALOG_COMPILER_APPICON_NAME = AppIcon;
				CODE_SIGN_IDENTITY = "iPhone Developer";
				"CODE_SIGN_IDENTITY[sdk=iphoneos*]" = "iPhone Developer";
				INFOPLIST_FILE = QuizApp/Info.plist;
				LD_RUNPATH_SEARCH_PATHS = "$(inherited) @executable_path/Frameworks";
				PRODUCT_BUNDLE_IDENTIFIER = "com.xuan-wang.QuizApp";
				PRODUCT_NAME = "$(TARGET_NAME)";
				PROVISIONING_PROFILE = "";
			};
			name = Release;
		};
/* End XCBuildConfiguration section */

/* Begin XCConfigurationList section */
		10EBF07F1D02961C00888CD3 /* Build configuration list for PBXProject "QuizApp" */ = {
			isa = XCConfigurationList;
			buildConfigurations = (
				10EBF0941D02961C00888CD3 /* Debug */,
				10EBF0951D02961C00888CD3 /* Release */,
			);
			defaultConfigurationIsVisible = 0;
			defaultConfigurationName = Release;
		};
		10EBF0961D02961C00888CD3 /* Build configuration list for PBXNativeTarget "QuizApp" */ = {
			isa = XCConfigurationList;
			buildConfigurations = (
				10EBF0971D02961C00888CD3 /* Debug */,
				10EBF0981D02961C00888CD3 /* Release */,
			);
			defaultConfigurationIsVisible = 0;
			defaultConfigurationName = Release;
		};
/* End XCConfigurationList section */
	};
	rootObject = 10EBF07C1D02961C00888CD3 /* Project object */;
}
